
Microsoft Visual Studio Solution File, Format Version 12.00
# Visual Studio Version 17
VisualStudioVersion = 17.12.35707.178 d17.12
MinimumVisualStudioVersion = 10.0.40219.1
Project("{FAE04EC0-301F-11D3-BF4B-00C04F79EFBC}") = "Test try out", "Test try out\Test try out.csproj", "{33F271C4-EC8C-499A-9274-C74559290C0D}"
EndProject
Global
	GlobalSection(SolutionConfigurationPlatforms) = preSolution
		Debug|Any CPU = Debug|Any CPU
		Release|Any CPU = Release|Any CPU
	EndGlobalSection
	GlobalSection(ProjectConfigurationPlatforms) = postSolution
		{33F271C4-EC8C-499A-9274-C74559290C0D}.Debug|Any CPU.ActiveCfg = Debug|Any CPU
		{33F271C4-EC8C-499A-9274-C74559290C0D}.Debug|Any CPU.Build.0 = Debug|Any CPU
		{33F271C4-EC8C-499A-9274-C74559290C0D}.Release|Any CPU.ActiveCfg = Release|Any CPU
		{33F271C4-EC8C-499A-9274-C74559290C0D}.Release|Any CPU.Build.0 = Release|Any CPU
	EndGlobalSection
	GlobalSection(SolutionProperties) = preSolution
		HideSolutionNode = FALSE
	EndGlobalSection
EndGlobal
